
Microsoft Visual Studio Solution File, Format Version 12.00
# Visual Studio Version 17
VisualStudioVersion = 17.0.31903.59
MinimumVisualStudioVersion = 10.0.40219.1
Project("{FAE04EC0-301F-11D3-BF4B-00C04F79EFBC}") = "Microsoft.Samples.Cosmos.Basic.Web", "web\Microsoft.Samples.Cosmos.Basic.Web.csproj", "{66298636-FB5C-43B5-8C56-08AC9967F483}"
EndProject
Global
	GlobalSection(SolutionConfigurationPlatforms) = preSolution
		Debug|Any CPU = Debug|Any CPU
		Release|Any CPU = Release|Any CPU
	EndGlobalSection
	GlobalSection(SolutionProperties) = preSolution
		HideSolutionNode = FALSE
	EndGlobalSection
	GlobalSection(ProjectConfigurationPlatforms) = postSolution
		{66298636-FB5C-43B5-8C56-08AC9967F483}.Debug|Any CPU.ActiveCfg = Debug|Any CPU
		{66298636-FB5C-43B5-8C56-08AC9967F483}.Debug|Any CPU.Build.0 = Debug|Any CPU
		{66298636-FB5C-43B5-8C56-08AC9967F483}.Release|Any CPU.ActiveCfg = Release|Any CPU
		{66298636-FB5C-43B5-8C56-08AC9967F483}.Release|Any CPU.Build.0 = Release|Any CPU
	EndGlobalSection
EndGlobal
